{
  "name": "test",
  "version": "1.0.0",
  "lockfileVersion": 2,
  "requires": true,
  "packages": {
    "": {
      "version": "1.0.0",
      "dependencies": {
        "@hummer/hummer-front": "^1.0.7",
        "@hummer/tenon-dev-tool": "^0.2.1"
      },
      "devDependencies": {}
    },
    "node_modules/@better-scroll/core": {
      "version": "2.4.2",
      "resolved": "https://registry.npmjs.org/@better-scroll/core/-/core-2.4.2.tgz",
      "integrity": "sha512-IqVZLnh04YpaEAy9wJDxtFK/stxVQjB9A9Wcr3Uwkj7Av1TtFpin+t/TObl53diNDG5ZJ+vck/OAthphpuugLA==",
      "dependencies": {
        "@better-scroll/shared-utils": "^2.4.2"
      }
    },
    "node_modules/@better-scroll/indicators": {
      "version": "2.4.2",
      "resolved": "https://registry.npmjs.org/@better-scroll/indicators/-/indicators-2.4.2.tgz",
      "integrity": "sha512-dScI0HIt06L1thLO+1W7w1enqRtegWF1izKYhswiyTXLgagLh2QbAi+oexNiPSOGBuNz8w1mO7hZvVJez/ZFkw==",
      "dependencies": {
        "@better-scroll/core": "^2.4.2"
      }
    },
    "node_modules/@better-scroll/infinity": {
      "version": "2.4.2",
      "resolved": "https://registry.npmjs.org/@better-scroll/infinity/-/infinity-2.4.2.tgz",
      "integrity": "sha512-KGpCWLTyMzcGBT59c3N/JaVauLmi0jG2YZApdnqON+Oz4AJiHnzGkzWc4EJxcxR3Vy+m5Jp91y6xrpsvRmOdIg==",
      "dependencies": {
        "@better-scroll/core": "^2.4.2"
      }
    },
    "node_modules/@better-scroll/mouse-wheel": {
      "version": "2.4.2",
      "resolved": "https://registry.npmjs.org/@better-scroll/mouse-wheel/-/mouse-wheel-2.4.2.tgz",
      "integrity": "sha512-dLc8vlYkSYN9AQEo4NDPQloPhscCV17TY98JUBcio4I2STDlYYIQqofqm1GQPfByfK9f057DnrcgZ/bPVx7PTA==",
      "dependencies": {
        "@better-scroll/core": "^2.4.2"
      }
    },
    "node_modules/@better-scroll/movable": {
      "version": "2.4.2",
      "resolved": "https://registry.npmjs.org/@better-scroll/movable/-/movable-2.4.2.tgz",
      "integrity": "sha512-y4FbKx9FTUfAfM6wW+PCKA3CONc4nfjaE4N1ImGsIorzkSWV2eGO+LTD6FVv5+gVINI/o9Xj/gHmEJUaupUeSg==",
      "dependencies": {
        "@better-scroll/core": "^2.4.2"
      }
    },
    "node_modules/@better-scroll/nested-scroll": {
      "version": "2.4.2",
      "resolved": "https://registry.npmjs.org/@better-scroll/nested-scroll/-/nested-scroll-2.4.2.tgz",
      "integrity": "sha512-JnC2sqtDqVkj9F5J39u52b6qDsMqXbnURG67dHf97tYoYP2dluwjkvhhxjSFrghREoQzT/KWcDbkfcGy47lQwQ==",
      "dependencies": {
        "@better-scroll/core": "^2.4.2"
      }
    },
    "node_modules/@better-scroll/observe-dom": {
      "version": "2.4.2",
      "resolved": "https://registry.npmjs.org/@better-scroll/observe-dom/-/observe-dom-2.4.2.tgz",
      "integrity": "sha512-eeS77CZs+V72dkya10e5ptndBAbhQVcXoYGvfoIihOJgCPqO5MdYTpzRmlbshYCEE5juUMLe82Kx8FSbOejpAw==",
      "dependencies": {
        "@better-scroll/core": "^2.4.2"
      }
    },
    "node_modules/@better-scroll/observe-image": {
      "version": "2.4.2",
      "resolved": "https://registry.npmjs.org/@better-scroll/observe-image/-/observe-image-2.4.2.tgz",
      "integrity": "sha512-ToYVf5vn0cio5B9uaL5NyvFX3JNU6L0Po20Lw7uxa0+FE+kMvSAMJN+9POg6G+cfIqI8GVHhyyR+4Ev8v2Nl5Q==",
      "dependencies": {
        "@better-scroll/core": "^2.4.2"
      }
    },
    "node_modules/@better-scroll/pull-down": {
      "version": "2.4.2",
      "resolved": "https://registry.npmjs.org/@better-scroll/pull-down/-/pull-down-2.4.2.tgz",
      "integrity": "sha512-bqMLk33o4oesTXIIOteBKHQgfVKjIVvity39TM/MfzkbY1WDBxD+HFS7ySgoqw7Kl2Wiv/U76Wfqzmm6yDdg7Q==",
      "dependencies": {
        "@better-scroll/core": "^2.4.2"
      }
    },
    "node_modules/@better-scroll/pull-up": {
      "version": "2.4.2",
      "resolved": "https://registry.npmjs.org/@better-scroll/pull-up/-/pull-up-2.4.2.tgz",
      "integrity": "sha512-07Cke3oa96lN9/inxJZ0ixh0nBbbqxOi2IKcBGtD6dP+susiMcdhgd/c7zNRjXkwlw0vzTNfXTgExIOEWzLHYg==",
      "dependencies": {
        "@better-scroll/core": "^2.4.2"
      }
    },
    "node_modules/@better-scroll/scroll-bar": {
      "version": "2.4.2",
      "resolved": "https://registry.npmjs.org/@better-scroll/scroll-bar/-/scroll-bar-2.4.2.tgz",
      "integrity": "sha512-zZd0+sWfzTCXJeuA001o5bea7AvLYz7BCE7dolxFbPTIPnV5V5UEH8LLdXQ/HIwgxI0Pj9PoY9njSuhooh6lfg==",
      "dependencies": {
        "@better-scroll/core": "^2.4.2"
      }
    },
    "node_modules/@better-scroll/shared-utils": {
      "version": "2.4.2",
      "resolved": "https://registry.npmjs.org/@better-scroll/shared-utils/-/shared-utils-2.4.2.tgz",
      "integrity": "sha512-Gy/Jfbpu+hq0u+PcjkTqyXGqAf+0dexTzEZ5IDXEVwJVLmd3cx8A73oTcAZ8QZgk4wSHvlMjXecSaptkhnNPEw=="
    },
    "node_modules/@better-scroll/slide": {
      "version": "2.4.2",
      "resolved": "https://registry.npmjs.org/@better-scroll/slide/-/slide-2.4.2.tgz",
      "integrity": "sha512-VfdFHm/meo4nEyfx0JLn8rUHfQdQCnoBHs/BsV+vmjVivKg+cVgfS+QaytrIulWKqNAWNlfXbAaNtZMv8gNKZg==",
      "dependencies": {
        "@better-scroll/core": "^2.4.2"
      }
    },
    "node_modules/@better-scroll/wheel": {
      "version": "2.4.2",
      "resolved": "https://registry.npmjs.org/@better-scroll/wheel/-/wheel-2.4.2.tgz",
      "integrity": "sha512-oJw68glWbrYBbRK8RJnKo3Fw9bU7Cd4zDbBHbKZ062/YJAJUZW9wF/3Lout4PnolkjuJIp2TZiEgJNtuRd+Njg==",
      "dependencies": {
        "@better-scroll/core": "^2.4.2"
      }
    },
    "node_modules/@better-scroll/zoom": {
      "version": "2.4.2",
      "resolved": "https://registry.npmjs.org/@better-scroll/zoom/-/zoom-2.4.2.tgz",
      "integrity": "sha512-rN/BTE3lf2sNNvKowGL/tUKZ/BgdZcZa0pjE/rVW0tBL/7x68cBowWQD5HF2Z2Bge8OPXRjkwN/xN1aFYhEtWA==",
      "dependencies": {
        "@better-scroll/core": "^2.4.2"
      }
    },
    "node_modules/@hummer/hummer-front": {
      "version": "1.0.8",
      "resolved": "https://registry.npmjs.org/@hummer/hummer-front/-/hummer-front-1.0.8.tgz",
      "integrity": "sha512-8D/vnp36dKWu3ezF24SG3i6TQ8FPipeTdNAwsf3POnzgwgrqO615MmnVhDqApCTzPEzJNOfH/1drs0yepQEKKg==",
      "dependencies": {
        "@better-scroll/core": "^2.4.2",
        "@tweenjs/tween.js": "^17.6.0",
        "better-scroll": "^2.4.2",
        "hammerjs": "^2.0.8",
        "swiper": "7.0.8"
      }
    },
    "node_modules/@hummer/tenon-dev-tool": {
      "version": "0.2.3",
      "resolved": "https://registry.npmjs.org/@hummer/tenon-dev-tool/-/tenon-dev-tool-0.2.3.tgz",
      "integrity": "sha512-+KDuXv3XcycGsKR21/8sity/SgPNpyVCMuneJAzZR4DizUgcGirBiB5ZuT0QxfFbjIy1GJXP2P0iwX54RK3Ivw=="
    },
    "node_modules/@tweenjs/tween.js": {
      "version": "17.6.0",
      "resolved": "https://registry.npmjs.org/@tweenjs/tween.js/-/tween.js-17.6.0.tgz",
      "integrity": "sha512-utSXj0WHi4qr/iyfFHGMJBaL+ixQ2N7BAmx1R5g8jBqykJfjBUQ0hKWwXf767hbALC3zOoOIofKYSDWu5n04JQ=="
    },
    "node_modules/better-scroll": {
      "version": "2.4.2",
      "resolved": "https://registry.npmjs.org/better-scroll/-/better-scroll-2.4.2.tgz",
      "integrity": "sha512-I/JzJNUay2vMAkczBa/4x52QBdUGA3Bs/QtrKrxVjSbBHUMG6yR14srQr4aCAWlIra1FBmuddwGRfI6zRagI9Q==",
      "dependencies": {
        "@better-scroll/core": "^2.4.2",
        "@better-scroll/indicators": "^2.4.2",
        "@better-scroll/infinity": "^2.4.2",
        "@better-scroll/mouse-wheel": "^2.4.2",
        "@better-scroll/movable": "^2.4.2",
        "@better-scroll/nested-scroll": "^2.4.2",
        "@better-scroll/observe-dom": "^2.4.2",
        "@better-scroll/observe-image": "^2.4.2",
        "@better-scroll/pull-down": "^2.4.2",
        "@better-scroll/pull-up": "^2.4.2",
        "@better-scroll/scroll-bar": "^2.4.2",
        "@better-scroll/slide": "^2.4.2",
        "@better-scroll/wheel": "^2.4.2",
        "@better-scroll/zoom": "^2.4.2"
      }
    },
    "node_modules/dom7": {
      "version": "4.0.4",
      "resolved": "https://registry.npmjs.org/dom7/-/dom7-4.0.4.tgz",
      "integrity": "sha512-DSSgBzQ4rJWQp1u6o+3FVwMNnT5bzQbMb+o31TjYYeRi05uAcpF8koxdfzeoe5ElzPmua7W7N28YJhF7iEKqIw==",
      "dependencies": {
        "ssr-window": "^4.0.0"
      }
    },
    "node_modules/hammerjs": {
      "version": "2.0.8",
      "resolved": "https://registry.npmjs.org/hammerjs/-/hammerjs-2.0.8.tgz",
      "integrity": "sha1-BO93hiz/K7edMPdpIJWTAiK/YPE=",
      "engines": {
        "node": ">=0.8.0"
      }
    },
    "node_modules/ssr-window": {
      "version": "4.0.2",
      "resolved": "https://registry.npmjs.org/ssr-window/-/ssr-window-4.0.2.tgz",
      "integrity": "sha512-ISv/Ch+ig7SOtw7G2+qkwfVASzazUnvlDTwypdLoPoySv+6MqlOV10VwPSE6EWkGjhW50lUmghPmpYZXMu/+AQ=="
    },
    "node_modules/swiper": {
      "version": "7.0.8",
      "resolved": "https://registry.npmjs.org/swiper/-/swiper-7.0.8.tgz",
      "integrity": "sha512-1IpWjHam98eTNiysi9MauvPHdLgrLesSYGd7JXvQEJkvW/NvI9gogMfRfbv+7jCK3+nIWuCpVnJmKCOBtJi4JA==",
      "funding": [
        {
          "type": "patreon",
          "url": "https://www.patreon.com/swiperjs"
        },
        {
          "type": "open_collective",
          "url": "http://opencollective.com/swiper"
        }
      ],
      "hasInstallScript": true,
      "dependencies": {
        "dom7": "^4.0.0",
        "ssr-window": "^4.0.0"
      },
      "engines": {
        "node": ">= 4.7.0"
      }
    }
  },
  "dependencies": {
    "@better-scroll/core": {
      "version": "2.4.2",
      "resolved": "https://registry.npmjs.org/@better-scroll/core/-/core-2.4.2.tgz",
      "integrity": "sha512-IqVZLnh04YpaEAy9wJDxtFK/stxVQjB9A9Wcr3Uwkj7Av1TtFpin+t/TObl53diNDG5ZJ+vck/OAthphpuugLA==",
      "requires": {
        "@better-scroll/shared-utils": "^2.4.2"
      }
    },
    "@better-scroll/indicators": {
      "version": "2.4.2",
      "resolved": "https://registry.npmjs.org/@better-scroll/indicators/-/indicators-2.4.2.tgz",
      "integrity": "sha512-dScI0HIt06L1thLO+1W7w1enqRtegWF1izKYhswiyTXLgagLh2QbAi+oexNiPSOGBuNz8w1mO7hZvVJez/ZFkw==",
      "requires": {
        "@better-scroll/core": "^2.4.2"
      }
    },
    "@better-scroll/infinity": {
      "version": "2.4.2",
      "resolved": "https://registry.npmjs.org/@better-scroll/infinity/-/infinity-2.4.2.tgz",
      "integrity": "sha512-KGpCWLTyMzcGBT59c3N/JaVauLmi0jG2YZApdnqON+Oz4AJiHnzGkzWc4EJxcxR3Vy+m5Jp91y6xrpsvRmOdIg==",
      "requires": {
        "@better-scroll/core": "^2.4.2"
      }
    },
    "@better-scroll/mouse-wheel": {
      "version": "2.4.2",
      "resolved": "https://registry.npmjs.org/@better-scroll/mouse-wheel/-/mouse-wheel-2.4.2.tgz",
      "integrity": "sha512-dLc8vlYkSYN9AQEo4NDPQloPhscCV17TY98JUBcio4I2STDlYYIQqofqm1GQPfByfK9f057DnrcgZ/bPVx7PTA==",
      "requires": {
        "@better-scroll/core": "^2.4.2"
      }
    },
    "@better-scroll/movable": {
      "version": "2.4.2",
      "resolved": "https://registry.npmjs.org/@better-scroll/movable/-/movable-2.4.2.tgz",
      "integrity": "sha512-y4FbKx9FTUfAfM6wW+PCKA3CONc4nfjaE4N1ImGsIorzkSWV2eGO+LTD6FVv5+gVINI/o9Xj/gHmEJUaupUeSg==",
      "requires": {
        "@better-scroll/core": "^2.4.2"
      }
    },
    "@better-scroll/nested-scroll": {
      "version": "2.4.2",
      "resolved": "https://registry.npmjs.org/@better-scroll/nested-scroll/-/nested-scroll-2.4.2.tgz",
      "integrity": "sha512-JnC2sqtDqVkj9F5J39u52b6qDsMqXbnURG67dHf97tYoYP2dluwjkvhhxjSFrghREoQzT/KWcDbkfcGy47lQwQ==",
      "requires": {
        "@better-scroll/core": "^2.4.2"
      }
    },
    "@better-scroll/observe-dom": {
      "version": "2.4.2",
      "resolved": "https://registry.npmjs.org/@better-scroll/observe-dom/-/observe-dom-2.4.2.tgz",
      "integrity": "sha512-eeS77CZs+V72dkya10e5ptndBAbhQVcXoYGvfoIihOJgCPqO5MdYTpzRmlbshYCEE5juUMLe82Kx8FSbOejpAw==",
      "requires": {
        "@better-scroll/core": "^2.4.2"
      }
    },
    "@better-scroll/observe-image": {
      "version": "2.4.2",
      "resolved": "https://registry.npmjs.org/@better-scroll/observe-image/-/observe-image-2.4.2.tgz",
      "integrity": "sha512-ToYVf5vn0cio5B9uaL5NyvFX3JNU6L0Po20Lw7uxa0+FE+kMvSAMJN+9POg6G+cfIqI8GVHhyyR+4Ev8v2Nl5Q==",
      "requires": {
        "@better-scroll/core": "^2.4.2"
      }
    },
    "@better-scroll/pull-down": {
      "version": "2.4.2",
      "resolved": "https://registry.npmjs.org/@better-scroll/pull-down/-/pull-down-2.4.2.tgz",
      "integrity": "sha512-bqMLk33o4oesTXIIOteBKHQgfVKjIVvity39TM/MfzkbY1WDBxD+HFS7ySgoqw7Kl2Wiv/U76Wfqzmm6yDdg7Q==",
      "requires": {
        "@better-scroll/core": "^2.4.2"
      }
    },
    "@better-scroll/pull-up": {
      "version": "2.4.2",
      "resolved": "https://registry.npmjs.org/@better-scroll/pull-up/-/pull-up-2.4.2.tgz",
      "integrity": "sha512-07Cke3oa96lN9/inxJZ0ixh0nBbbqxOi2IKcBGtD6dP+susiMcdhgd/c7zNRjXkwlw0vzTNfXTgExIOEWzLHYg==",
      "requires": {
        "@better-scroll/core": "^2.4.2"
      }
    },
    "@better-scroll/scroll-bar": {
      "version": "2.4.2",
      "resolved": "https://registry.npmjs.org/@better-scroll/scroll-bar/-/scroll-bar-2.4.2.tgz",
      "integrity": "sha512-zZd0+sWfzTCXJeuA001o5bea7AvLYz7BCE7dolxFbPTIPnV5V5UEH8LLdXQ/HIwgxI0Pj9PoY9njSuhooh6lfg==",
      "requires": {
        "@better-scroll/core": "^2.4.2"
      }
    },
    "@better-scroll/shared-utils": {
      "version": "2.4.2",
      "resolved": "https://registry.npmjs.org/@better-scroll/shared-utils/-/shared-utils-2.4.2.tgz",
      "integrity": "sha512-Gy/Jfbpu+hq0u+PcjkTqyXGqAf+0dexTzEZ5IDXEVwJVLmd3cx8A73oTcAZ8QZgk4wSHvlMjXecSaptkhnNPEw=="
    },
    "@better-scroll/slide": {
      "version": "2.4.2",
      "resolved": "https://registry.npmjs.org/@better-scroll/slide/-/slide-2.4.2.tgz",
      "integrity": "sha512-VfdFHm/meo4nEyfx0JLn8rUHfQdQCnoBHs/BsV+vmjVivKg+cVgfS+QaytrIulWKqNAWNlfXbAaNtZMv8gNKZg==",
      "requires": {
        "@better-scroll/core": "^2.4.2"
      }
    },
    "@better-scroll/wheel": {
      "version": "2.4.2",
      "resolved": "https://registry.npmjs.org/@better-scroll/wheel/-/wheel-2.4.2.tgz",
      "integrity": "sha512-oJw68glWbrYBbRK8RJnKo3Fw9bU7Cd4zDbBHbKZ062/YJAJUZW9wF/3Lout4PnolkjuJIp2TZiEgJNtuRd+Njg==",
      "requires": {
        "@better-scroll/core": "^2.4.2"
      }
    },
    "@better-scroll/zoom": {
      "version": "2.4.2",
      "resolved": "https://registry.npmjs.org/@better-scroll/zoom/-/zoom-2.4.2.tgz",
      "integrity": "sha512-rN/BTE3lf2sNNvKowGL/tUKZ/BgdZcZa0pjE/rVW0tBL/7x68cBowWQD5HF2Z2Bge8OPXRjkwN/xN1aFYhEtWA==",
      "requires": {
        "@better-scroll/core": "^2.4.2"
      }
    },
    "@hummer/hummer-front": {
      "version": "1.0.8",
      "resolved": "https://registry.npmjs.org/@hummer/hummer-front/-/hummer-front-1.0.8.tgz",
      "integrity": "sha512-8D/vnp36dKWu3ezF24SG3i6TQ8FPipeTdNAwsf3POnzgwgrqO615MmnVhDqApCTzPEzJNOfH/1drs0yepQEKKg==",
      "requires": {
        "@better-scroll/core": "^2.4.2",
        "@tweenjs/tween.js": "^17.6.0",
        "better-scroll": "^2.4.2",
        "hammerjs": "^2.0.8",
        "swiper": "7.0.8"
      }
    },
    "@hummer/tenon-dev-tool": {
      "version": "0.2.3",
      "resolved": "https://registry.npmjs.org/@hummer/tenon-dev-tool/-/tenon-dev-tool-0.2.3.tgz",
      "integrity": "sha512-+KDuXv3XcycGsKR21/8sity/SgPNpyVCMuneJAzZR4DizUgcGirBiB5ZuT0QxfFbjIy1GJXP2P0iwX54RK3Ivw=="
    },
    "@tweenjs/tween.js": {
      "version": "17.6.0",
      "resolved": "https://registry.npmjs.org/@tweenjs/tween.js/-/tween.js-17.6.0.tgz",
      "integrity": "sha512-utSXj0WHi4qr/iyfFHGMJBaL+ixQ2N7BAmx1R5g8jBqykJfjBUQ0hKWwXf767hbALC3zOoOIofKYSDWu5n04JQ=="
    },
    "better-scroll": {
      "version": "2.4.2",
      "resolved": "https://registry.npmjs.org/better-scroll/-/better-scroll-2.4.2.tgz",
      "integrity": "sha512-I/JzJNUay2vMAkczBa/4x52QBdUGA3Bs/QtrKrxVjSbBHUMG6yR14srQr4aCAWlIra1FBmuddwGRfI6zRagI9Q==",
      "requires": {
        "@better-scroll/core": "^2.4.2",
        "@better-scroll/indicators": "^2.4.2",
        "@better-scroll/infinity": "^2.4.2",
        "@better-scroll/mouse-wheel": "^2.4.2",
        "@better-scroll/movable": "^2.4.2",
        "@better-scroll/nested-scroll": "^2.4.2",
        "@better-scroll/observe-dom": "^2.4.2",
        "@better-scroll/observe-image": "^2.4.2",
        "@better-scroll/pull-down": "^2.4.2",
        "@better-scroll/pull-up": "^2.4.2",
        "@better-scroll/scroll-bar": "^2.4.2",
        "@better-scroll/slide": "^2.4.2",
        "@better-scroll/wheel": "^2.4.2",
        "@better-scroll/zoom": "^2.4.2"
      }
    },
    "dom7": {
      "version": "4.0.4",
      "resolved": "https://registry.npmjs.org/dom7/-/dom7-4.0.4.tgz",
      "integrity": "sha512-DSSgBzQ4rJWQp1u6o+3FVwMNnT5bzQbMb+o31TjYYeRi05uAcpF8koxdfzeoe5ElzPmua7W7N28YJhF7iEKqIw==",
      "requires": {
        "ssr-window": "^4.0.0"
      }
    },
    "hammerjs": {
      "version": "2.0.8",
      "resolved": "https://registry.npmjs.org/hammerjs/-/hammerjs-2.0.8.tgz",
      "integrity": "sha1-BO93hiz/K7edMPdpIJWTAiK/YPE="
    },
    "ssr-window": {
      "version": "4.0.2",
      "resolved": "https://registry.npmjs.org/ssr-window/-/ssr-window-4.0.2.tgz",
      "integrity": "sha512-ISv/Ch+ig7SOtw7G2+qkwfVASzazUnvlDTwypdLoPoySv+6MqlOV10VwPSE6EWkGjhW50lUmghPmpYZXMu/+AQ=="
    },
    "swiper": {
      "version": "7.0.8",
      "resolved": "https://registry.npmjs.org/swiper/-/swiper-7.0.8.tgz",
      "integrity": "sha512-1IpWjHam98eTNiysi9MauvPHdLgrLesSYGd7JXvQEJkvW/NvI9gogMfRfbv+7jCK3+nIWuCpVnJmKCOBtJi4JA==",
      "requires": {
        "dom7": "^4.0.0",
        "ssr-window": "^4.0.0"
      }
    }
  }
}
